// !$*UTF8*$!
{
	archiveVersion = 1;
	classes = {
	};
	objectVersion = 46;
	objects = {

/* Begin PBXBuildFile section */
		39741246F8FDA7B73051AA8C /* libPods-WhereDreamStarts.a in Frameworks */ = {isa = PBXBuildFile; fileRef = C5246F11A01DF2BE89BED15A /* libPods-WhereDreamStarts.a */; };
		9DDA4F7E2007436C00EC8C35 /* main.m in Sources */ = {isa = PBXBuildFile; fileRef = 9DDA4F7D2007436C00EC8C35 /* main.m */; };
		9DDA4F812007436C00EC8C35 /* AppDelegate.m in Sources */ = {isa = PBXBuildFile; fileRef = 9DDA4F802007436C00EC8C35 /* AppDelegate.m */; };
		9DDA4F842007436C00EC8C35 /* ViewController.m in Sources */ = {isa = PBXBuildFile; fileRef = 9DDA4F832007436C00EC8C35 /* ViewController.m */; };
		9DDA4F872007436C00EC8C35 /* Main.storyboard in Resources */ = {isa = PBXBuildFile; fileRef = 9DDA4F852007436C00EC8C35 /* Main.storyboard */; };
		9DDA4F892007436C00EC8C35 /* Assets.xcassets in Resources */ = {isa = PBXBuildFile; fileRef = 9DDA4F882007436C00EC8C35 /* Assets.xcassets */; };
		9DDA4F8C2007436C00EC8C35 /* LaunchScreen.storyboard in Resources */ = {isa = PBXBuildFile; fileRef = 9DDA4F8A2007436C00EC8C35 /* LaunchScreen.storyboard */; };
		9DDA4F972007436C00EC8C35 /* WhereDreamStartsTests.m in Sources */ = {isa = PBXBuildFile; fileRef = 9DDA4F962007436C00EC8C35 /* WhereDreamStartsTests.m */; };
		9DDA4FA22007436C00EC8C35 /* WhereDreamStartsUITests.m in Sources */ = {isa = PBXBuildFile; fileRef = 9DDA4FA12007436C00EC8C35 /* WhereDreamStartsUITests.m */; };
		9DDA4FB420074A6F00EC8C35 /* JYJBaseNavigationController.m in Sources */ = {isa = PBXBuildFile; fileRef = 9DDA4FB120074A6F00EC8C35 /* JYJBaseNavigationController.m */; };
		9DDA4FB520074A6F00EC8C35 /* JYJNavigationController.m in Sources */ = {isa = PBXBuildFile; fileRef = 9DDA4FB320074A6F00EC8C35 /* JYJNavigationController.m */; };
		9DDA4FB820074B0800EC8C35 /* UIImage+Extension.m in Sources */ = {isa = PBXBuildFile; fileRef = 9DDA4FB720074B0800EC8C35 /* UIImage+Extension.m */; };
		9DDA4FBD20074DE600EC8C35 /* icon_dashizhuye_more.png in Resources */ = {isa = PBXBuildFile; fileRef = 9DDA4FBA20074DE600EC8C35 /* icon_dashizhuye_more.png */; };
		9DDA4FBE20074DE600EC8C35 /* icon_dashizhuye_more@2x.png in Resources */ = {isa = PBXBuildFile; fileRef = 9DDA4FBB20074DE600EC8C35 /* icon_dashizhuye_more@2x.png */; };
		9DDA4FBF20074DE600EC8C35 /* icon_dashizhuye_more@3x.png in Resources */ = {isa = PBXBuildFile; fileRef = 9DDA4FBC20074DE600EC8C35 /* icon_dashizhuye_more@3x.png */; };
		9DDA4FC320074E2B00EC8C35 /* icon_wendao_sousuo.png in Resources */ = {isa = PBXBuildFile; fileRef = 9DDA4FC020074E2B00EC8C35 /* icon_wendao_sousuo.png */; };
		9DDA4FC420074E2B00EC8C35 /* icon_wendao_sousuo@2x.png in Resources */ = {isa = PBXBuildFile; fileRef = 9DDA4FC120074E2B00EC8C35 /* icon_wendao_sousuo@2x.png */; };
		9DDA4FC520074E2B00EC8C35 /* icon_wendao_sousuo@3x.png in Resources */ = {isa = PBXBuildFile; fileRef = 9DDA4FC220074E2B00EC8C35 /* icon_wendao_sousuo@3x.png */; };
		9DDA4FCF20074F4800EC8C35 /* icon_wendao_name.png in Resources */ = {isa = PBXBuildFile; fileRef = 9DDA4FCC20074F4800EC8C35 /* icon_wendao_name.png */; };
		9DDA4FD020074F4800EC8C35 /* icon_wendao_name@2x.png in Resources */ = {isa = PBXBuildFile; fileRef = 9DDA4FCD20074F4800EC8C35 /* icon_wendao_name@2x.png */; };
		9DDA4FD120074F4800EC8C35 /* icon_wendao_name@3x.png in Resources */ = {isa = PBXBuildFile; fileRef = 9DDA4FCE20074F4800EC8C35 /* icon_wendao_name@3x.png */; };
		9DDA4FD520074F9300EC8C35 /* icon_dashang_change.png in Resources */ = {isa = PBXBuildFile; fileRef = 9DDA4FD220074F9300EC8C35 /* icon_dashang_change.png */; };
		9DDA4FD620074F9300EC8C35 /* icon_dashang_change@2x.png in Resources */ = {isa = PBXBuildFile; fileRef = 9DDA4FD320074F9300EC8C35 /* icon_dashang_change@2x.png */; };
		9DDA4FD720074F9300EC8C35 /* icon_dashang_change@3x.png in Resources */ = {isa = PBXBuildFile; fileRef = 9DDA4FD420074F9300EC8C35 /* icon_dashang_change@3x.png */; };
		9DDA4FDB20074FB300EC8C35 /* icon_wenzhangxiangqing_zanshang_s.png in Resources */ = {isa = PBXBuildFile; fileRef = 9DDA4FD820074FB300EC8C35 /* icon_wenzhangxiangqing_zanshang_s.png */; };
		9DDA4FDC20074FB300EC8C35 /* icon_wenzhangxiangqing_zanshang_s@2x.png in Resources */ = {isa = PBXBuildFile; fileRef = 9DDA4FD920074FB300EC8C35 /* icon_wenzhangxiangqing_zanshang_s@2x.png */; };
		9DDA4FDD20074FB300EC8C35 /* icon_wenzhangxiangqing_zanshang_s@3x.png in Resources */ = {isa = PBXBuildFile; fileRef = 9DDA4FDA20074FB300EC8C35 /* icon_wenzhangxiangqing_zanshang_s@3x.png */; };
		9DDA4FE120074FDF00EC8C35 /* icon_jubao_dashizhuye.png in Resources */ = {isa = PBXBuildFile; fileRef = 9DDA4FDE20074FDF00EC8C35 /* icon_jubao_dashizhuye.png */; };
		9DDA4FE220074FDF00EC8C35 /* icon_jubao_dashizhuye@2x.png in Resources */ = {isa = PBXBuildFile; fileRef = 9DDA4FDF20074FDF00EC8C35 /* icon_jubao_dashizhuye@2x.png */; };
		9DDA4FE320074FDF00EC8C35 /* icon_jubao_dashizhuye@3x.png in Resources */ = {isa = PBXBuildFile; fileRef = 9DDA4FE020074FDF00EC8C35 /* icon_jubao_dashizhuye@3x.png */; };
		9DDA4FE6200750A400EC8C35 /* JYJSliderMenuTool.m in Sources */ = {isa = PBXBuildFile; fileRef = 9DDA4FE5200750A400EC8C35 /* JYJSliderMenuTool.m */; };
		9DDA4FE92007510E00EC8C35 /* JYJAnimateViewController.m in Sources */ = {isa = PBXBuildFile; fileRef = 9DDA4FE82007510E00EC8C35 /* JYJAnimateViewController.m */; };
		9DDA4FED2007519F00EC8C35 /* peopleCenterViewController.m in Sources */ = {isa = PBXBuildFile; fileRef = 9DDA4FEC2007519F00EC8C35 /* peopleCenterViewController.m */; };
		9DDA4FF02007524B00EC8C35 /* PeopleIsChildCenter.m in Sources */ = {isa = PBXBuildFile; fileRef = 9DDA4FEF2007524B00EC8C35 /* PeopleIsChildCenter.m */; };
		9DDA4FF32007590400EC8C35 /* myHeadView.m in Sources */ = {isa = PBXBuildFile; fileRef = 9DDA4FF22007590400EC8C35 /* myHeadView.m */; };
		9DDA4FF7200764DA00EC8C35 /* peopleCenterCell.m in Sources */ = {isa = PBXBuildFile; fileRef = 9DDA4FF6200764DA00EC8C35 /* peopleCenterCell.m */; };
		9DDA4FFC20076C5E00EC8C35 /* icon_right.png in Resources */ = {isa = PBXBuildFile; fileRef = 9DDA4FF920076C5E00EC8C35 /* icon_right.png */; };
		9DDA4FFD20076C5E00EC8C35 /* icon_right@2x.png in Resources */ = {isa = PBXBuildFile; fileRef = 9DDA4FFA20076C5E00EC8C35 /* icon_right@2x.png */; };
		9DDA4FFE20076C5E00EC8C35 /* icon_right@3x.png in Resources */ = {isa = PBXBuildFile; fileRef = 9DDA4FFB20076C5E00EC8C35 /* icon_right@3x.png */; };
/* End PBXBuildFile section */

/* Begin PBXContainerItemProxy section */
		9DDA4F932007436C00EC8C35 /* PBXContainerItemProxy */ = {
			isa = PBXContainerItemProxy;
			containerPortal = 9DDA4F712007436C00EC8C35 /* Project object */;
			proxyType = 1;
			remoteGlobalIDString = 9DDA4F782007436C00EC8C35;
			remoteInfo = WhereDreamStarts;
		};
		9DDA4F9E2007436C00EC8C35 /* PBXContainerItemProxy */ = {
			isa = PBXContainerItemProxy;
			containerPortal = 9DDA4F712007436C00EC8C35 /* Project object */;
			proxyType = 1;
			remoteGlobalIDString = 9DDA4F782007436C00EC8C35;
			remoteInfo = WhereDreamStarts;
		};
/* End PBXContainerItemProxy section */

/* Begin PBXFileReference section */
		6C2FD1B2F5745D100890D92E /* Pods-WhereDreamStarts.debug.xcconfig */ = {isa = PBXFileReference; includeInIndex = 1; lastKnownFileType = text.xcconfig; name = "Pods-WhereDreamStarts.debug.xcconfig"; path = "Pods/Target Support Files/Pods-WhereDreamStarts/Pods-WhereDreamStarts.debug.xcconfig"; sourceTree = "<group>"; };
		99AFFF054D1A973B4E41A863 /* Pods-WhereDreamStarts.release.xcconfig */ = {isa = PBXFileReference; includeInIndex = 1; lastKnownFileType = text.xcconfig; name = "Pods-WhereDreamStarts.release.xcconfig"; path = "Pods/Target Support Files/Pods-WhereDreamStarts/Pods-WhereDreamStarts.release.xcconfig"; sourceTree = "<group>"; };
		9DDA4F792007436C00EC8C35 /* WhereDreamStarts.app */ = {isa = PBXFileReference; explicitFileType = wrapper.application; includeInIndex = 0; path = WhereDreamStarts.app; sourceTree = BUILT_PRODUCTS_DIR; };
		9DDA4F7D2007436C00EC8C35 /* main.m */ = {isa = PBXFileReference; lastKnownFileType = sourcecode.c.objc; path = main.m; sourceTree = "<group>"; };
		9DDA4F7F2007436C00EC8C35 /* AppDelegate.h */ = {isa = PBXFileReference; lastKnownFileType = sourcecode.c.h; path = AppDelegate.h; sourceTree = "<group>"; };
		9DDA4F802007436C00EC8C35 /* AppDelegate.m */ = {isa = PBXFileReference; lastKnownFileType = sourcecode.c.objc; path = AppDelegate.m; sourceTree = "<group>"; };
		9DDA4F822007436C00EC8C35 /* ViewController.h */ = {isa = PBXFileReference; lastKnownFileType = sourcecode.c.h; path = ViewController.h; sourceTree = "<group>"; };
		9DDA4F832007436C00EC8C35 /* ViewController.m */ = {isa = PBXFileReference; lastKnownFileType = sourcecode.c.objc; path = ViewController.m; sourceTree = "<group>"; };
		9DDA4F862007436C00EC8C35 /* Base */ = {isa = PBXFileReference; lastKnownFileType = file.storyboard; name = Base; path = Base.lproj/Main.storyboard; sourceTree = "<group>"; };
		9DDA4F882007436C00EC8C35 /* Assets.xcassets */ = {isa = PBXFileReference; lastKnownFileType = folder.assetcatalog; path = Assets.xcassets; sourceTree = "<group>"; };
		9DDA4F8B2007436C00EC8C35 /* Base */ = {isa = PBXFileReference; lastKnownFileType = file.storyboard; name = Base; path = Base.lproj/LaunchScreen.storyboard; sourceTree = "<group>"; };
		9DDA4F8D2007436C00EC8C35 /* Info.plist */ = {isa = PBXFileReference; lastKnownFileType = text.plist.xml; path = Info.plist; sourceTree = "<group>"; };
		9DDA4F922007436C00EC8C35 /* WhereDreamStartsTests.xctest */ = {isa = PBXFileReference; explicitFileType = wrapper.cfbundle; includeInIndex = 0; path = WhereDreamStartsTests.xctest; sourceTree = BUILT_PRODUCTS_DIR; };
		9DDA4F962007436C00EC8C35 /* WhereDreamStartsTests.m */ = {isa = PBXFileReference; lastKnownFileType = sourcecode.c.objc; path = WhereDreamStartsTests.m; sourceTree = "<group>"; };
		9DDA4F982007436C00EC8C35 /* Info.plist */ = {isa = PBXFileReference; lastKnownFileType = text.plist.xml; path = Info.plist; sourceTree = "<group>"; };
		9DDA4F9D2007436C00EC8C35 /* WhereDreamStartsUITests.xctest */ = {isa = PBXFileReference; explicitFileType = wrapper.cfbundle; includeInIndex = 0; path = WhereDreamStartsUITests.xctest; sourceTree = BUILT_PRODUCTS_DIR; };
		9DDA4FA12007436C00EC8C35 /* WhereDreamStartsUITests.m */ = {isa = PBXFileReference; lastKnownFileType = sourcecode.c.objc; path = WhereDreamStartsUITests.m; sourceTree = "<group>"; };
		9DDA4FA32007436C00EC8C35 /* Info.plist */ = {isa = PBXFileReference; lastKnownFileType = text.plist.xml; path = Info.plist; sourceTree = "<group>"; };
		9DDA4FB020074A6F00EC8C35 /* JYJBaseNavigationController.h */ = {isa = PBXFileReference; fileEncoding = 4; lastKnownFileType = sourcecode.c.h; path = JYJBaseNavigationController.h; sourceTree = "<group>"; };
		9DDA4FB120074A6F00EC8C35 /* JYJBaseNavigationController.m */ = {isa = PBXFileReference; fileEncoding = 4; lastKnownFileType = sourcecode.c.objc; path = JYJBaseNavigationController.m; sourceTree = "<group>"; };
		9DDA4FB220074A6F00EC8C35 /* JYJNavigationController.h */ = {isa = PBXFileReference; fileEncoding = 4; lastKnownFileType = sourcecode.c.h; path = JYJNavigationController.h; sourceTree = "<group>"; };
		9DDA4FB320074A6F00EC8C35 /* JYJNavigationController.m */ = {isa = PBXFileReference; fileEncoding = 4; lastKnownFileType = sourcecode.c.objc; path = JYJNavigationController.m; sourceTree = "<group>"; };
		9DDA4FB620074B0800EC8C35 /* UIImage+Extension.h */ = {isa = PBXFileReference; fileEncoding = 4; lastKnownFileType = sourcecode.c.h; path = "UIImage+Extension.h"; sourceTree = "<group>"; };
		9DDA4FB720074B0800EC8C35 /* UIImage+Extension.m */ = {isa = PBXFileReference; fileEncoding = 4; lastKnownFileType = sourcecode.c.objc; path = "UIImage+Extension.m"; sourceTree = "<group>"; };
		9DDA4FBA20074DE600EC8C35 /* icon_dashizhuye_more.png */ = {isa = PBXFileReference; lastKnownFileType = image.png; path = icon_dashizhuye_more.png; sourceTree = "<group>"; };
		9DDA4FBB20074DE600EC8C35 /* icon_dashizhuye_more@2x.png */ = {isa = PBXFileReference; lastKnownFileType = image.png; path = "icon_dashizhuye_more@2x.png"; sourceTree = "<group>"; };
		9DDA4FBC20074DE600EC8C35 /* icon_dashizhuye_more@3x.png */ = {isa = PBXFileReference; lastKnownFileType = image.png; path = "icon_dashizhuye_more@3x.png"; sourceTree = "<group>"; };
		9DDA4FC020074E2B00EC8C35 /* icon_wendao_sousuo.png */ = {isa = PBXFileReference; lastKnownFileType = image.png; path = icon_wendao_sousuo.png; sourceTree = "<group>"; };
		9DDA4FC120074E2B00EC8C35 /* icon_wendao_sousuo@2x.png */ = {isa = PBXFileReference; lastKnownFileType = image.png; path = "icon_wendao_sousuo@2x.png"; sourceTree = "<group>"; };
		9DDA4FC220074E2B00EC8C35 /* icon_wendao_sousuo@3x.png */ = {isa = PBXFileReference; lastKnownFileType = image.png; path = "icon_wendao_sousuo@3x.png"; sourceTree = "<group>"; };
		9DDA4FCC20074F4800EC8C35 /* icon_wendao_name.png */ = {isa = PBXFileReference; lastKnownFileType = image.png; path = icon_wendao_name.png; sourceTree = "<group>"; };
		9DDA4FCD20074F4800EC8C35 /* icon_wendao_name@2x.png */ = {isa = PBXFileReference; lastKnownFileType = image.png; path = "icon_wendao_name@2x.png"; sourceTree = "<group>"; };
		9DDA4FCE20074F4800EC8C35 /* icon_wendao_name@3x.png */ = {isa = PBXFileReference; lastKnownFileType = image.png; path = "icon_wendao_name@3x.png"; sourceTree = "<group>"; };
		9DDA4FD220074F9300EC8C35 /* icon_dashang_change.png */ = {isa = PBXFileReference; lastKnownFileType = image.png; path = icon_dashang_change.png; sourceTree = "<group>"; };
		9DDA4FD320074F9300EC8C35 /* icon_dashang_change@2x.png */ = {isa = PBXFileReference; lastKnownFileType = image.png; path = "icon_dashang_change@2x.png"; sourceTree = "<group>"; };
		9DDA4FD420074F9300EC8C35 /* icon_dashang_change@3x.png */ = {isa = PBXFileReference; lastKnownFileType = image.png; path = "icon_dashang_change@3x.png"; sourceTree = "<group>"; };
		9DDA4FD820074FB300EC8C35 /* icon_wenzhangxiangqing_zanshang_s.png */ = {isa = PBXFileReference; lastKnownFileType = image.png; path = icon_wenzhangxiangqing_zanshang_s.png; sourceTree = "<group>"; };
		9DDA4FD920074FB300EC8C35 /* icon_wenzhangxiangqing_zanshang_s@2x.png */ = {isa = PBXFileReference; lastKnownFileType = image.png; path = "icon_wenzhangxiangqing_zanshang_s@2x.png"; sourceTree = "<group>"; };
		9DDA4FDA20074FB300EC8C35 /* icon_wenzhangxiangqing_zanshang_s@3x.png */ = {isa = PBXFileReference; lastKnownFileType = image.png; path = "icon_wenzhangxiangqing_zanshang_s@3x.png"; sourceTree = "<group>"; };
		9DDA4FDE20074FDF00EC8C35 /* icon_jubao_dashizhuye.png */ = {isa = PBXFileReference; lastKnownFileType = image.png; path = icon_jubao_dashizhuye.png; sourceTree = "<group>"; };
		9DDA4FDF20074FDF00EC8C35 /* icon_jubao_dashizhuye@2x.png */ = {isa = PBXFileReference; lastKnownFileType = image.png; path = "icon_jubao_dashizhuye@2x.png"; sourceTree = "<group>"; };
		9DDA4FE020074FDF00EC8C35 /* icon_jubao_dashizhuye@3x.png */ = {isa = PBXFileReference; lastKnownFileType = image.png; path = "icon_jubao_dashizhuye@3x.png"; sourceTree = "<group>"; };
		9DDA4FE4200750A400EC8C35 /* JYJSliderMenuTool.h */ = {isa = PBXFileReference; fileEncoding = 4; lastKnownFileType = sourcecode.c.h; path = JYJSliderMenuTool.h; sourceTree = "<group>"; };
		9DDA4FE5200750A400EC8C35 /* JYJSliderMenuTool.m */ = {isa = PBXFileReference; fileEncoding = 4; lastKnownFileType = sourcecode.c.objc; path = JYJSliderMenuTool.m; sourceTree = "<group>"; };
		9DDA4FE72007510E00EC8C35 /* JYJAnimateViewController.h */ = {isa = PBXFileReference; fileEncoding = 4; lastKnownFileType = sourcecode.c.h; path = JYJAnimateViewController.h; sourceTree = "<group>"; };
		9DDA4FE82007510E00EC8C35 /* JYJAnimateViewController.m */ = {isa = PBXFileReference; fileEncoding = 4; lastKnownFileType = sourcecode.c.objc; path = JYJAnimateViewController.m; sourceTree = "<group>"; };
		9DDA4FEB2007519F00EC8C35 /* peopleCenterViewController.h */ = {isa = PBXFileReference; fileEncoding = 4; lastKnownFileType = sourcecode.c.h; path = peopleCenterViewController.h; sourceTree = "<group>"; };
		9DDA4FEC2007519F00EC8C35 /* peopleCenterViewController.m */ = {isa = PBXFileReference; fileEncoding = 4; lastKnownFileType = sourcecode.c.objc; path = peopleCenterViewController.m; sourceTree = "<group>"; };
		9DDA4FEE2007524B00EC8C35 /* PeopleIsChildCenter.h */ = {isa = PBXFileReference; fileEncoding = 4; lastKnownFileType = sourcecode.c.h; path = PeopleIsChildCenter.h; sourceTree = "<group>"; };
		9DDA4FEF2007524B00EC8C35 /* PeopleIsChildCenter.m */ = {isa = PBXFileReference; fileEncoding = 4; lastKnownFileType = sourcecode.c.objc; path = PeopleIsChildCenter.m; sourceTree = "<group>"; };
		9DDA4FF12007590400EC8C35 /* myHeadView.h */ = {isa = PBXFileReference; fileEncoding = 4; lastKnownFileType = sourcecode.c.h; path = myHeadView.h; sourceTree = "<group>"; };
		9DDA4FF22007590400EC8C35 /* myHeadView.m */ = {isa = PBXFileReference; fileEncoding = 4; lastKnownFileType = sourcecode.c.objc; path = myHeadView.m; sourceTree = "<group>"; };
		9DDA4FF4200762F400EC8C35 /* MyPrefixHeader.pch */ = {isa = PBXFileReference; lastKnownFileType = sourcecode.c.h; path = MyPrefixHeader.pch; sourceTree = "<group>"; };
		9DDA4FF5200764DA00EC8C35 /* peopleCenterCell.h */ = {isa = PBXFileReference; fileEncoding = 4; lastKnownFileType = sourcecode.c.h; path = peopleCenterCell.h; sourceTree = "<group>"; };
		9DDA4FF6200764DA00EC8C35 /* peopleCenterCell.m */ = {isa = PBXFileReference; fileEncoding = 4; lastKnownFileType = sourcecode.c.objc; path = peopleCenterCell.m; sourceTree = "<group>"; };
		9DDA4FF920076C5E00EC8C35 /* icon_right.png */ = {isa = PBXFileReference; lastKnownFileType = image.png; path = icon_right.png; sourceTree = "<group>"; };
		9DDA4FFA20076C5E00EC8C35 /* icon_right@2x.png */ = {isa = PBXFileReference; lastKnownFileType = image.png; path = "icon_right@2x.png"; sourceTree = "<group>"; };
		9DDA4FFB20076C5E00EC8C35 /* icon_right@3x.png */ = {isa = PBXFileReference; lastKnownFileType = image.png; path = "icon_right@3x.png"; sourceTree = "<group>"; };
		C5246F11A01DF2BE89BED15A /* libPods-WhereDreamStarts.a */ = {isa = PBXFileReference; explicitFileType = archive.ar; includeInIndex = 0; path = "libPods-WhereDreamStarts.a"; sourceTree = BUILT_PRODUCTS_DIR; };
/* End PBXFileReference section */

/* Begin PBXFrameworksBuildPhase section */
		9DDA4F762007436C00EC8C35 /* Frameworks */ = {
			isa = PBXFrameworksBuildPhase;
			buildActionMask = 2147483647;
			files = (
				39741246F8FDA7B73051AA8C /* libPods-WhereDreamStarts.a in Frameworks */,
			);
			runOnlyForDeploymentPostprocessing = 0;
		};
		9DDA4F8F2007436C00EC8C35 /* Frameworks */ = {
			isa = PBXFrameworksBuildPhase;
			buildActionMask = 2147483647;
			files = (
			);
			runOnlyForDeploymentPostprocessing = 0;
		};
		9DDA4F9A2007436C00EC8C35 /* Frameworks */ = {
			isa = PBXFrameworksBuildPhase;
			buildActionMask = 2147483647;
			files = (
			);
			runOnlyForDeploymentPostprocessing = 0;
		};
/* End PBXFrameworksBuildPhase section */

/* Begin PBXGroup section */
		911DFF91121A03ADC5B4B9AC /* Pods */ = {
			isa = PBXGroup;
			children = (
				6C2FD1B2F5745D100890D92E /* Pods-WhereDreamStarts.debug.xcconfig */,
				99AFFF054D1A973B4E41A863 /* Pods-WhereDreamStarts.release.xcconfig */,
			);
			name = Pods;
			sourceTree = "<group>";
		};
		9DDA4F702007436C00EC8C35 = {
			isa = PBXGroup;
			children = (
				9DDA4F7B2007436C00EC8C35 /* WhereDreamStarts */,
				9DDA4F952007436C00EC8C35 /* WhereDreamStartsTests */,
				9DDA4FA02007436C00EC8C35 /* WhereDreamStartsUITests */,
				9DDA4F7A2007436C00EC8C35 /* Products */,
				911DFF91121A03ADC5B4B9AC /* Pods */,
				ABBF627182679A232793331F /* Frameworks */,
			);
			sourceTree = "<group>";
		};
		9DDA4F7A2007436C00EC8C35 /* Products */ = {
			isa = PBXGroup;
			children = (
				9DDA4F792007436C00EC8C35 /* WhereDreamStarts.app */,
				9DDA4F922007436C00EC8C35 /* WhereDreamStartsTests.xctest */,
				9DDA4F9D2007436C00EC8C35 /* WhereDreamStartsUITests.xctest */,
			);
			name = Products;
			sourceTree = "<group>";
		};
		9DDA4F7B2007436C00EC8C35 /* WhereDreamStarts */ = {
			isa = PBXGroup;
			children = (
				9DDA4F7F2007436C00EC8C35 /* AppDelegate.h */,
				9DDA4F802007436C00EC8C35 /* AppDelegate.m */,
				9DDA4F822007436C00EC8C35 /* ViewController.h */,
				9DDA4F832007436C00EC8C35 /* ViewController.m */,
				9DDA4FF4200762F400EC8C35 /* MyPrefixHeader.pch */,
				9DDA4FEA2007518100EC8C35 /* 个人中心 */,
				9DDA4FAF20074A4700EC8C35 /* 导航条 */,
				9DDA4F852007436C00EC8C35 /* Main.storyboard */,
				9DDA4F882007436C00EC8C35 /* Assets.xcassets */,
				9DDA4F8A2007436C00EC8C35 /* LaunchScreen.storyboard */,
				9DDA4F8D2007436C00EC8C35 /* Info.plist */,
				9DDA4F7C2007436C00EC8C35 /* Supporting Files */,
			);
			path = WhereDreamStarts;
			sourceTree = "<group>";
		};
		9DDA4F7C2007436C00EC8C35 /* Supporting Files */ = {
			isa = PBXGroup;
			children = (
				9DDA4F7D2007436C00EC8C35 /* main.m */,
			);
			name = "Supporting Files";
			sourceTree = "<group>";
		};
		9DDA4F952007436C00EC8C35 /* WhereDreamStartsTests */ = {
			isa = PBXGroup;
			children = (
				9DDA4F962007436C00EC8C35 /* WhereDreamStartsTests.m */,
				9DDA4F982007436C00EC8C35 /* Info.plist */,
			);
			path = WhereDreamStartsTests;
			sourceTree = "<group>";
		};
		9DDA4FA02007436C00EC8C35 /* WhereDreamStartsUITests */ = {
			isa = PBXGroup;
			children = (
				9DDA4FA12007436C00EC8C35 /* WhereDreamStartsUITests.m */,
				9DDA4FA32007436C00EC8C35 /* Info.plist */,
			);
			path = WhereDreamStartsUITests;
			sourceTree = "<group>";
		};
		9DDA4FAF20074A4700EC8C35 /* 导航条 */ = {
			isa = PBXGroup;
			children = (
				9DDA4FB920074DD900EC8C35 /* imgage */,
				9DDA4FB620074B0800EC8C35 /* UIImage+Extension.h */,
				9DDA4FB720074B0800EC8C35 /* UIImage+Extension.m */,
				9DDA4FB020074A6F00EC8C35 /* JYJBaseNavigationController.h */,
				9DDA4FB120074A6F00EC8C35 /* JYJBaseNavigationController.m */,
				9DDA4FB220074A6F00EC8C35 /* JYJNavigationController.h */,
				9DDA4FB320074A6F00EC8C35 /* JYJNavigationController.m */,
				9DDA4FE4200750A400EC8C35 /* JYJSliderMenuTool.h */,
				9DDA4FE5200750A400EC8C35 /* JYJSliderMenuTool.m */,
				9DDA4FE72007510E00EC8C35 /* JYJAnimateViewController.h */,
				9DDA4FE82007510E00EC8C35 /* JYJAnimateViewController.m */,
			);
			name = "导航条";
			sourceTree = "<group>";
		};
		9DDA4FB920074DD900EC8C35 /* imgage */ = {
			isa = PBXGroup;
			children = (
				9DDA4FBA20074DE600EC8C35 /* icon_dashizhuye_more.png */,
				9DDA4FBB20074DE600EC8C35 /* icon_dashizhuye_more@2x.png */,
				9DDA4FBC20074DE600EC8C35 /* icon_dashizhuye_more@3x.png */,
				9DDA4FC020074E2B00EC8C35 /* icon_wendao_sousuo.png */,
				9DDA4FC120074E2B00EC8C35 /* icon_wendao_sousuo@2x.png */,
				9DDA4FC220074E2B00EC8C35 /* icon_wendao_sousuo@3x.png */,
				9DDA4FCC20074F4800EC8C35 /* icon_wendao_name.png */,
				9DDA4FCD20074F4800EC8C35 /* icon_wendao_name@2x.png */,
				9DDA4FCE20074F4800EC8C35 /* icon_wendao_name@3x.png */,
				9DDA4FD220074F9300EC8C35 /* icon_dashang_change.png */,
				9DDA4FD320074F9300EC8C35 /* icon_dashang_change@2x.png */,
				9DDA4FD420074F9300EC8C35 /* icon_dashang_change@3x.png */,
				9DDA4FD820074FB300EC8C35 /* icon_wenzhangxiangqing_zanshang_s.png */,
				9DDA4FD920074FB300EC8C35 /* icon_wenzhangxiangqing_zanshang_s@2x.png */,
				9DDA4FDA20074FB300EC8C35 /* icon_wenzhangxiangqing_zanshang_s@3x.png */,
				9DDA4FDE20074FDF00EC8C35 /* icon_jubao_dashizhuye.png */,
				9DDA4FDF20074FDF00EC8C35 /* icon_jubao_dashizhuye@2x.png */,
				9DDA4FE020074FDF00EC8C35 /* icon_jubao_dashizhuye@3x.png */,
			);
			name = imgage;
			sourceTree = "<group>";
		};
		9DDA4FEA2007518100EC8C35 /* 个人中心 */ = {
			isa = PBXGroup;
			children = (
				9DDA4FF820076C5000EC8C35 /* image */,
				9DDA4FEB2007519F00EC8C35 /* peopleCenterViewController.h */,
				9DDA4FEC2007519F00EC8C35 /* peopleCenterViewController.m */,
				9DDA4FF5200764DA00EC8C35 /* peopleCenterCell.h */,
				9DDA4FF6200764DA00EC8C35 /* peopleCenterCell.m */,
				9DDA4FEE2007524B00EC8C35 /* PeopleIsChildCenter.h */,
				9DDA4FEF2007524B00EC8C35 /* PeopleIsChildCenter.m */,
				9DDA4FF12007590400EC8C35 /* myHeadView.h */,
				9DDA4FF22007590400EC8C35 /* myHeadView.m */,
			);
			name = "个人中心";
			sourceTree = "<group>";
		};
		9DDA4FF820076C5000EC8C35 /* image */ = {
			isa = PBXGroup;
			children = (
				9DDA4FF920076C5E00EC8C35 /* icon_right.png */,
				9DDA4FFA20076C5E00EC8C35 /* icon_right@2x.png */,
				9DDA4FFB20076C5E00EC8C35 /* icon_right@3x.png */,
			);
			name = image;
			sourceTree = "<group>";
		};
		ABBF627182679A232793331F /* Frameworks */ = {
			isa = PBXGroup;
			children = (
				C5246F11A01DF2BE89BED15A /* libPods-WhereDreamStarts.a */,
			);
			name = Frameworks;
			sourceTree = "<group>";
		};
/* End PBXGroup section */

/* Begin PBXNativeTarget section */
		9DDA4F782007436C00EC8C35 /* WhereDreamStarts */ = {
			isa = PBXNativeTarget;
			buildConfigurationList = 9DDA4FA62007436C00EC8C35 /* Build configuration list for PBXNativeTarget "WhereDreamStarts" */;
			buildPhases = (
				9DDB527342DFCD016BF500D7 /* [CP] Check Pods Manifest.lock */,
				9DDA4F752007436C00EC8C35 /* Sources */,
				9DDA4F762007436C00EC8C35 /* Frameworks */,
				9DDA4F772007436C00EC8C35 /* Resources */,
				C1EC83BFE9771B966337254B /* [CP] Embed Pods Frameworks */,
				CF261323DC9E1026729210F5 /* [CP] Copy Pods Resources */,
			);
			buildRules = (
			);
			dependencies = (
			);
			name = WhereDreamStarts;
			productName = WhereDreamStarts;
			productReference = 9DDA4F792007436C00EC8C35 /* WhereDreamStarts.app */;
			productType = "com.apple.product-type.application";
		};
		9DDA4F912007436C00EC8C35 /* WhereDreamStartsTests */ = {
			isa = PBXNativeTarget;
			buildConfigurationList = 9DDA4FA92007436C00EC8C35 /* Build configuration list for PBXNativeTarget "WhereDreamStartsTests" */;
			buildPhases = (
				9DDA4F8E2007436C00EC8C35 /* Sources */,
				9DDA4F8F2007436C00EC8C35 /* Frameworks */,
				9DDA4F902007436C00EC8C35 /* Resources */,
			);
			buildRules = (
			);
			dependencies = (
				9DDA4F942007436C00EC8C35 /* PBXTargetDependency */,
			);
			name = WhereDreamStartsTests;
			productName = WhereDreamStartsTests;
			productReference = 9DDA4F922007436C00EC8C35 /* WhereDreamStartsTests.xctest */;
			productType = "com.apple.product-type.bundle.unit-test";
		};
		9DDA4F9C2007436C00EC8C35 /* WhereDreamStartsUITests */ = {
			isa = PBXNativeTarget;
			buildConfigurationList = 9DDA4FAC2007436C00EC8C35 /* Build configuration list for PBXNativeTarget "WhereDreamStartsUITests" */;
			buildPhases = (
				9DDA4F992007436C00EC8C35 /* Sources */,
				9DDA4F9A2007436C00EC8C35 /* Frameworks */,
				9DDA4F9B2007436C00EC8C35 /* Resources */,
			);
			buildRules = (
			);
			dependencies = (
				9DDA4F9F2007436C00EC8C35 /* PBXTargetDependency */,
			);
			name = WhereDreamStartsUITests;
			productName = WhereDreamStartsUITests;
			productReference = 9DDA4F9D2007436C00EC8C35 /* WhereDreamStartsUITests.xctest */;
			productType = "com.apple.product-type.bundle.ui-testing";
		};
/* End PBXNativeTarget section */

/* Begin PBXProject section */
		9DDA4F712007436C00EC8C35 /* Project object */ = {
			isa = PBXProject;
			attributes = {
				LastUpgradeCheck = 0830;
				ORGANIZATIONNAME = handsomeBoy;
				TargetAttributes = {
					9DDA4F782007436C00EC8C35 = {
						CreatedOnToolsVersion = 8.3.3;
						ProvisioningStyle = Automatic;
					};
					9DDA4F912007436C00EC8C35 = {
						CreatedOnToolsVersion = 8.3.3;
						ProvisioningStyle = Automatic;
						TestTargetID = 9DDA4F782007436C00EC8C35;
					};
					9DDA4F9C2007436C00EC8C35 = {
						CreatedOnToolsVersion = 8.3.3;
						ProvisioningStyle = Automatic;
						TestTargetID = 9DDA4F782007436C00EC8C35;
					};
				};
			};
			buildConfigurationList = 9DDA4F742007436C00EC8C35 /* Build configuration list for PBXProject "WhereDreamStarts" */;
			compatibilityVersion = "Xcode 3.2";
			developmentRegion = English;
			hasScannedForEncodings = 0;
			knownRegions = (
				en,
				Base,
			);
			mainGroup = 9DDA4F702007436C00EC8C35;
			productRefGroup = 9DDA4F7A2007436C00EC8C35 /* Products */;
			projectDirPath = "";
			projectRoot = "";
			targets = (
				9DDA4F782007436C00EC8C35 /* WhereDreamStarts */,
				9DDA4F912007436C00EC8C35 /* WhereDreamStartsTests */,
				9DDA4F9C2007436C00EC8C35 /* WhereDreamStartsUITests */,
			);
		};
/* End PBXProject section */

/* Begin PBXResourcesBuildPhase section */
		9DDA4F772007436C00EC8C35 /* Resources */ = {
			isa = PBXResourcesBuildPhase;
			buildActionMask = 2147483647;
			files = (
				9DDA4FD620074F9300EC8C35 /* icon_dashang_change@2x.png in Resources */,
				9DDA4F8C2007436C00EC8C35 /* LaunchScreen.storyboard in Resources */,
				9DDA4FCF20074F4800EC8C35 /* icon_wendao_name.png in Resources */,
				9DDA4FFC20076C5E00EC8C35 /* icon_right.png in Resources */,
				9DDA4FE220074FDF00EC8C35 /* icon_jubao_dashizhuye@2x.png in Resources */,
				9DDA4FFE20076C5E00EC8C35 /* icon_right@3x.png in Resources */,
				9DDA4FDB20074FB300EC8C35 /* icon_wenzhangxiangqing_zanshang_s.png in Resources */,
				9DDA4FC420074E2B00EC8C35 /* icon_wendao_sousuo@2x.png in Resources */,
				9DDA4FD520074F9300EC8C35 /* icon_dashang_change.png in Resources */,
				9DDA4FE120074FDF00EC8C35 /* icon_jubao_dashizhuye.png in Resources */,
				9DDA4FBF20074DE600EC8C35 /* icon_dashizhuye_more@3x.png in Resources */,
				9DDA4FDD20074FB300EC8C35 /* icon_wenzhangxiangqing_zanshang_s@3x.png in Resources */,
				9DDA4FDC20074FB300EC8C35 /* icon_wenzhangxiangqing_zanshang_s@2x.png in Resources */,
				9DDA4FD720074F9300EC8C35 /* icon_dashang_change@3x.png in Resources */,
				9DDA4FBE20074DE600EC8C35 /* icon_dashizhuye_more@2x.png in Resources */,
				9DDA4FE320074FDF00EC8C35 /* icon_jubao_dashizhuye@3x.png in Resources */,
				9DDA4FC320074E2B00EC8C35 /* icon_wendao_sousuo.png in Resources */,
				9DDA4F892007436C00EC8C35 /* Assets.xcassets in Resources */,
				9DDA4FC520074E2B00EC8C35 /* icon_wendao_sousuo@3x.png in Resources */,
				9DDA4F872007436C00EC8C35 /* Main.storyboard in Resources */,
				9DDA4FFD20076C5E00EC8C35 /* icon_right@2x.png in Resources */,
				9DDA4FD020074F4800EC8C35 /* icon_wendao_name@2x.png in Resources */,
				9DDA4FBD20074DE600EC8C35 /* icon_dashizhuye_more.png in Resources */,
				9DDA4FD120074F4800EC8C35 /* icon_wendao_name@3x.png in Resources */,
			);
			runOnlyForDeploymentPostprocessing = 0;
		};
		9DDA4F902007436C00EC8C35 /* Resources */ = {
			isa = PBXResourcesBuildPhase;
			buildActionMask = 2147483647;
			files = (
			);
			runOnlyForDeploymentPostprocessing = 0;
		};
		9DDA4F9B2007436C00EC8C35 /* Resources */ = {
			isa = PBXResourcesBuildPhase;
			buildActionMask = 2147483647;
			files = (
			);
			runOnlyForDeploymentPostprocessing = 0;
		};
/* End PBXResourcesBuildPhase section */

/* Begin PBXShellScriptBuildPhase section */
		9DDB527342DFCD016BF500D7 /* [CP] Check Pods Manifest.lock */ = {
			isa = PBXShellScriptBuildPhase;
			buildActionMask = 2147483647;
			files = (
			);
			inputPaths = (
				"${PODS_PODFILE_DIR_PATH}/Podfile.lock",
				"${PODS_ROOT}/Manifest.lock",
			);
			name = "[CP] Check Pods Manifest.lock";
			outputPaths = (
				"$(DERIVED_FILE_DIR)/Pods-WhereDreamStarts-checkManifestLockResult.txt",
			);
			runOnlyForDeploymentPostprocessing = 0;
			shellPath = /bin/sh;
			shellScript = "diff \"${PODS_PODFILE_DIR_PATH}/Podfile.lock\" \"${PODS_ROOT}/Manifest.lock\" > /dev/null\nif [ $? != 0 ] ; then\n    # print error to STDERR\n    echo \"error: The sandbox is not in sync with the Podfile.lock. Run 'pod install' or update your CocoaPods installation.\" >&2\n    exit 1\nfi\n# This output is used by Xcode 'outputs' to avoid re-running this script phase.\necho \"SUCCESS\" > \"${SCRIPT_OUTPUT_FILE_0}\"\n";
			showEnvVarsInLog = 0;
		};
		C1EC83BFE9771B966337254B /* [CP] Embed Pods Frameworks */ = {
			isa = PBXShellScriptBuildPhase;
			buildActionMask = 2147483647;
			files = (
			);
			inputPaths = (
			);
			name = "[CP] Embed Pods Frameworks";
			outputPaths = (
			);
			runOnlyForDeploymentPostprocessing = 0;
			shellPath = /bin/sh;
			shellScript = "\"${SRCROOT}/Pods/Target Support Files/Pods-WhereDreamStarts/Pods-WhereDreamStarts-frameworks.sh\"\n";
			showEnvVarsInLog = 0;
		};
		CF261323DC9E1026729210F5 /* [CP] Copy Pods Resources */ = {
			isa = PBXShellScriptBuildPhase;
			buildActionMask = 2147483647;
			files = (
			);
			inputPaths = (
				"${SRCROOT}/Pods/Target Support Files/Pods-WhereDreamStarts/Pods-WhereDreamStarts-resources.sh",
				"${PODS_ROOT}/IQKeyboardManager/IQKeyboardManager/Resources/IQKeyboardManager.bundle",
			);
			name = "[CP] Copy Pods Resources";
			outputPaths = (
				"${TARGET_BUILD_DIR}/${UNLOCALIZED_RESOURCES_FOLDER_PATH}",
			);
			runOnlyForDeploymentPostprocessing = 0;
			shellPath = /bin/sh;
			shellScript = "\"${SRCROOT}/Pods/Target Support Files/Pods-WhereDreamStarts/Pods-WhereDreamStarts-resources.sh\"\n";
			showEnvVarsInLog = 0;
		};
/* End PBXShellScriptBuildPhase section */

/* Begin PBXSourcesBuildPhase section */
		9DDA4F752007436C00EC8C35 /* Sources */ = {
			isa = PBXSourcesBuildPhase;
			buildActionMask = 2147483647;
			files = (
				9DDA4FED2007519F00EC8C35 /* peopleCenterViewController.m in Sources */,
				9DDA4FE92007510E00EC8C35 /* JYJAnimateViewController.m in Sources */,
				9DDA4FB420074A6F00EC8C35 /* JYJBaseNavigationController.m in Sources */,
				9DDA4FB520074A6F00EC8C35 /* JYJNavigationController.m in Sources */,
				9DDA4FF02007524B00EC8C35 /* PeopleIsChildCenter.m in Sources */,
				9DDA4F842007436C00EC8C35 /* ViewController.m in Sources */,
				9DDA4FB820074B0800EC8C35 /* UIImage+Extension.m in Sources */,
				9DDA4FF32007590400EC8C35 /* myHeadView.m in Sources */,
				9DDA4F812007436C00EC8C35 /* AppDelegate.m in Sources */,
				9DDA4F7E2007436C00EC8C35 /* main.m in Sources */,
				9DDA4FE6200750A400EC8C35 /* JYJSliderMenuTool.m in Sources */,
				9DDA4FF7200764DA00EC8C35 /* peopleCenterCell.m in Sources */,
			);
			runOnlyForDeploymentPostprocessing = 0;
		};
		9DDA4F8E2007436C00EC8C35 /* Sources */ = {
			isa = PBXSourcesBuildPhase;
			buildActionMask = 2147483647;
			files = (
				9DDA4F972007436C00EC8C35 /* WhereDreamStartsTests.m in Sources */,
			);
			runOnlyForDeploymentPostprocessing = 0;
		};
		9DDA4F992007436C00EC8C35 /* Sources */ = {
			isa = PBXSourcesBuildPhase;
			buildActionMask = 2147483647;
			files = (
				9DDA4FA22007436C00EC8C35 /* WhereDreamStartsUITests.m in Sources */,
			);
			runOnlyForDeploymentPostprocessing = 0;
		};
/* End PBXSourcesBuildPhase section */

/* Begin PBXTargetDependency section */
		9DDA4F942007436C00EC8C35 /* PBXTargetDependency */ = {
			isa = PBXTargetDependency;
			target = 9DDA4F782007436C00EC8C35 /* WhereDreamStarts */;
			targetProxy = 9DDA4F932007436C00EC8C35 /* PBXContainerItemProxy */;
		};
		9DDA4F9F2007436C00EC8C35 /* PBXTargetDependency */ = {
			isa = PBXTargetDependency;
			target = 9DDA4F782007436C00EC8C35 /* WhereDreamStarts */;
			targetProxy = 9DDA4F9E2007436C00EC8C35 /* PBXContainerItemProxy */;
		};
/* End PBXTargetDependency section */

/* Begin PBXVariantGroup section */
		9DDA4F852007436C00EC8C35 /* Main.storyboard */ = {
			isa = PBXVariantGroup;
			children = (
				9DDA4F862007436C00EC8C35 /* Base */,
			);
			name = Main.storyboard;
			sourceTree = "<group>";
		};
		9DDA4F8A2007436C00EC8C35 /* LaunchScreen.storyboard */ = {
			isa = PBXVariantGroup;
			children = (
				9DDA4F8B2007436C00EC8C35 /* Base */,
			);
			name = LaunchScreen.storyboard;
			sourceTree = "<group>";
		};
/* End PBXVariantGroup section */

/* Begin XCBuildConfiguration section */
		9DDA4FA42007436C00EC8C35 /* Debug */ = {
			isa = XCBuildConfiguration;
			buildSettings = {
				ALWAYS_SEARCH_USER_PATHS = NO;
				CLANG_ANALYZER_NONNULL = YES;
				CLANG_ANALYZER_NUMBER_OBJECT_CONVERSION = YES_AGGRESSIVE;
				CLANG_CXX_LANGUAGE_STANDARD = "gnu++0x";
				CLANG_CXX_LIBRARY = "libc++";
				CLANG_ENABLE_MODULES = YES;
				CLANG_ENABLE_OBJC_ARC = YES;
				CLANG_WARN_BOOL_CONVERSION = YES;
				CLANG_WARN_CONSTANT_CONVERSION = YES;
				CLANG_WARN_DIRECT_OBJC_ISA_USAGE = YES_ERROR;
				CLANG_WARN_DOCUMENTATION_COMMENTS = YES;
				CLANG_WARN_EMPTY_BODY = YES;
				CLANG_WARN_ENUM_CONVERSION = YES;
				CLANG_WARN_INFINITE_RECURSION = YES;
				CLANG_WARN_INT_CONVERSION = YES;
				CLANG_WARN_OBJC_ROOT_CLASS = YES_ERROR;
				CLANG_WARN_SUSPICIOUS_MOVE = YES;
				CLANG_WARN_UNREACHABLE_CODE = YES;
				CLANG_WARN__DUPLICATE_METHOD_MATCH = YES;
				"CODE_SIGN_IDENTITY[sdk=iphoneos*]" = "iPhone Developer";
				COPY_PHASE_STRIP = NO;
				DEBUG_INFORMATION_FORMAT = dwarf;
				ENABLE_STRICT_OBJC_MSGSEND = YES;
				ENABLE_TESTABILITY = YES;
				GCC_C_LANGUAGE_STANDARD = gnu99;
				GCC_DYNAMIC_NO_PIC = NO;
				GCC_NO_COMMON_BLOCKS = YES;
				GCC_OPTIMIZATION_LEVEL = 0;
				GCC_PREPROCESSOR_DEFINITIONS = (
					"DEBUG=1",
					"$(inherited)",
				);
				GCC_WARN_64_TO_32_BIT_CONVERSION = YES;
				GCC_WARN_ABOUT_RETURN_TYPE = YES_ERROR;
				GCC_WARN_UNDECLARED_SELECTOR = YES;
				GCC_WARN_UNINITIALIZED_AUTOS = YES_AGGRESSIVE;
				GCC_WARN_UNUSED_FUNCTION = YES;
				GCC_WARN_UNUSED_VARIABLE = YES;
				IPHONEOS_DEPLOYMENT_TARGET = 10.3;
				MTL_ENABLE_DEBUG_INFO = YES;
				ONLY_ACTIVE_ARCH = YES;
				SDKROOT = iphoneos;
			};
			name = Debug;
		};
		9DDA4FA52007436C00EC8C35 /* Release */ = {
			isa = XCBuildConfiguration;
			buildSettings = {
				ALWAYS_SEARCH_USER_PATHS = NO;
				CLANG_ANALYZER_NONNULL = YES;
				CLANG_ANALYZER_NUMBER_OBJECT_CONVERSION = YES_AGGRESSIVE;
				CLANG_CXX_LANGUAGE_STANDARD = "gnu++0x";
				CLANG_CXX_LIBRARY = "libc++";
				CLANG_ENABLE_MODULES = YES;
				CLANG_ENABLE_OBJC_ARC = YES;
				CLANG_WARN_BOOL_CONVERSION = YES;
				CLANG_WARN_CONSTANT_CONVERSION = YES;
				CLANG_WARN_DIRECT_OBJC_ISA_USAGE = YES_ERROR;
				CLANG_WARN_DOCUMENTATION_COMMENTS = YES;
				CLANG_WARN_EMPTY_BODY = YES;
				CLANG_WARN_ENUM_CONVERSION = YES;
				CLANG_WARN_INFINITE_RECURSION = YES;
				CLANG_WARN_INT_CONVERSION = YES;
				CLANG_WARN_OBJC_ROOT_CLASS = YES_ERROR;
				CLANG_WARN_SUSPICIOUS_MOVE = YES;
				CLANG_WARN_UNREACHABLE_CODE = YES;
				CLANG_WARN__DUPLICATE_METHOD_MATCH = YES;
				"CODE_SIGN_IDENTITY[sdk=iphoneos*]" = "iPhone Developer";
				COPY_PHASE_STRIP = NO;
				DEBUG_INFORMATION_FORMAT = "dwarf-with-dsym";
				ENABLE_NS_ASSERTIONS = NO;
				ENABLE_STRICT_OBJC_MSGSEND = YES;
				GCC_C_LANGUAGE_STANDARD = gnu99;
				GCC_NO_COMMON_BLOCKS = YES;
				GCC_WARN_64_TO_32_BIT_CONVERSION = YES;
				GCC_WARN_ABOUT_RETURN_TYPE = YES_ERROR;
				GCC_WARN_UNDECLARED_SELECTOR = YES;
				GCC_WARN_UNINITIALIZED_AUTOS = YES_AGGRESSIVE;
				GCC_WARN_UNUSED_FUNCTION = YES;
				GCC_WARN_UNUSED_VARIABLE = YES;
				IPHONEOS_DEPLOYMENT_TARGET = 10.3;
				MTL_ENABLE_DEBUG_INFO = NO;
				SDKROOT = iphoneos;
				VALIDATE_PRODUCT = YES;
			};
			name = Release;
		};
		9DDA4FA72007436C00EC8C35 /* Debug */ = {
			isa = XCBuildConfiguration;
			baseConfigurationReference = 6C2FD1B2F5745D100890D92E /* Pods-WhereDreamStarts.debug.xcconfig */;
			buildSettings = {
				ASSETCATALOG_COMPILER_APPICON_NAME = AppIcon;
				GCC_PREFIX_HEADER = "$(SRCROOT)/WhereDreamStarts/MyPrefixHeader.pch";
				INFOPLIST_FILE = WhereDreamStarts/Info.plist;
				IPHONEOS_DEPLOYMENT_TARGET = 8.0;
				LD_RUNPATH_SEARCH_PATHS = "$(inherited) @executable_path/Frameworks";
				PRODUCT_BUNDLE_IDENTIFIER = MrHan.2018.WhereDreamStarts;
				PRODUCT_NAME = "$(TARGET_NAME)";
			};
			name = Debug;
		};
		9DDA4FA82007436C00EC8C35 /* Release */ = {
			isa = XCBuildConfiguration;
			baseConfigurationReference = 99AFFF054D1A973B4E41A863 /* Pods-WhereDreamStarts.release.xcconfig */;
			buildSettings = {
				ASSETCATALOG_COMPILER_APPICON_NAME = AppIcon;
				GCC_PREFIX_HEADER = "$(SRCROOT)/WhereDreamStarts/MyPrefixHeader.pch";
				INFOPLIST_FILE = WhereDreamStarts/Info.plist;
				IPHONEOS_DEPLOYMENT_TARGET = 8.0;
				LD_RUNPATH_SEARCH_PATHS = "$(inherited) @executable_path/Frameworks";
				PRODUCT_BUNDLE_IDENTIFIER = MrHan.2018.WhereDreamStarts;
				PRODUCT_NAME = "$(TARGET_NAME)";
			};
			name = Release;
		};
		9DDA4FAA2007436C00EC8C35 /* Debug */ = {
			isa = XCBuildConfiguration;
			buildSettings = {
				BUNDLE_LOADER = "$(TEST_HOST)";
				INFOPLIST_FILE = WhereDreamStartsTests/Info.plist;
				LD_RUNPATH_SEARCH_PATHS = "$(inherited) @executable_path/Frameworks @loader_path/Frameworks";
				PRODUCT_BUNDLE_IDENTIFIER = MrHan.2018.WhereDreamStartsTests;
				PRODUCT_NAME = "$(TARGET_NAME)";
				TEST_HOST = "$(BUILT_PRODUCTS_DIR)/WhereDreamStarts.app/WhereDreamStarts";
			};
			name = Debug;
		};
		9DDA4FAB2007436C00EC8C35 /* Release */ = {
			isa = XCBuildConfiguration;
			buildSettings = {
				BUNDLE_LOADER = "$(TEST_HOST)";
				INFOPLIST_FILE = WhereDreamStartsTests/Info.plist;
				LD_RUNPATH_SEARCH_PATHS = "$(inherited) @executable_path/Frameworks @loader_path/Frameworks";
				PRODUCT_BUNDLE_IDENTIFIER = MrHan.2018.WhereDreamStartsTests;
				PRODUCT_NAME = "$(TARGET_NAME)";
				TEST_HOST = "$(BUILT_PRODUCTS_DIR)/WhereDreamStarts.app/WhereDreamStarts";
			};
			name = Release;
		};
		9DDA4FAD2007436C00EC8C35 /* Debug */ = {
			isa = XCBuildConfiguration;
			buildSettings = {
				INFOPLIST_FILE = WhereDreamStartsUITests/Info.plist;
				LD_RUNPATH_SEARCH_PATHS = "$(inherited) @executable_path/Frameworks @loader_path/Frameworks";
				PRODUCT_BUNDLE_IDENTIFIER = MrHan.2018.WhereDreamStartsUITests;
				PRODUCT_NAME = "$(TARGET_NAME)";
				TEST_TARGET_NAME = WhereDreamStarts;
			};
			name = Debug;
		};
		9DDA4FAE2007436C00EC8C35 /* Release */ = {
			isa = XCBuildConfiguration;
			buildSettings = {
				INFOPLIST_FILE = WhereDreamStartsUITests/Info.plist;
				LD_RUNPATH_SEARCH_PATHS = "$(inherited) @executable_path/Frameworks @loader_path/Frameworks";
				PRODUCT_BUNDLE_IDENTIFIER = MrHan.2018.WhereDreamStartsUITests;
				PRODUCT_NAME = "$(TARGET_NAME)";
				TEST_TARGET_NAME = WhereDreamStarts;
			};
			name = Release;
		};
/* End XCBuildConfiguration section */

/* Begin XCConfigurationList section */
		9DDA4F742007436C00EC8C35 /* Build configuration list for PBXProject "WhereDreamStarts" */ = {
			isa = XCConfigurationList;
			buildConfigurations = (
				9DDA4FA42007436C00EC8C35 /* Debug */,
				9DDA4FA52007436C00EC8C35 /* Release */,
			);
			defaultConfigurationIsVisible = 0;
			defaultConfigurationName = Release;
		};
		9DDA4FA62007436C00EC8C35 /* Build configuration list for PBXNativeTarget "WhereDreamStarts" */ = {
			isa = XCConfigurationList;
			buildConfigurations = (
				9DDA4FA72007436C00EC8C35 /* Debug */,
				9DDA4FA82007436C00EC8C35 /* Release */,
			);
			defaultConfigurationIsVisible = 0;
			defaultConfigurationName = Release;
		};
		9DDA4FA92007436C00EC8C35 /* Build configuration list for PBXNativeTarget "WhereDreamStartsTests" */ = {
			isa = XCConfigurationList;
			buildConfigurations = (
				9DDA4FAA2007436C00EC8C35 /* Debug */,
				9DDA4FAB2007436C00EC8C35 /* Release */,
			);
			defaultConfigurationIsVisible = 0;
			defaultConfigurationName = Release;
		};
		9DDA4FAC2007436C00EC8C35 /* Build configuration list for PBXNativeTarget "WhereDreamStartsUITests" */ = {
			isa = XCConfigurationList;
			buildConfigurations = (
				9DDA4FAD2007436C00EC8C35 /* Debug */,
				9DDA4FAE2007436C00EC8C35 /* Release */,
			);
			defaultConfigurationIsVisible = 0;
			defaultConfigurationName = Release;
		};
/* End XCConfigurationList section */
	};
	rootObject = 9DDA4F712007436C00EC8C35 /* Project object */;
}
